
Microsoft Visual Studio Solution File, Format Version 12.00
# Visual Studio Version 17
VisualStudioVersion = 17.2.32526.322
MinimumVisualStudioVersion = 10.0.40219.1
Project("{9A19103F-16F7-4668-BE54-9A1E7A4F7556}") = "Cinema.Business", "Cinema.Business\Cinema.Business.csproj", "{5AB94CE4-E570-4EF0-A36B-778202EC8802}"
EndProject
Project("{9A19103F-16F7-4668-BE54-9A1E7A4F7556}") = "Cinema.Core", "Cinema.Core\Cinema.Core.csproj", "{59F73AEE-BC4A-4670-A909-DE0426391AA9}"
EndProject
Project("{9A19103F-16F7-4668-BE54-9A1E7A4F7556}") = "Cinema.DataAccess", "Cinema.DataAccess\Cinema.DataAccess.csproj", "{D0D77B31-CAFA-4898-9FB4-0094BDA39AEA}"
EndProject
Project("{9A19103F-16F7-4668-BE54-9A1E7A4F7556}") = "Cinema.Entities", "Cinema.Entities\Cinema.Entities.csproj", "{30FE6878-5494-4B12-8877-CAA4594726CF}"
EndProject
Project("{9A19103F-16F7-4668-BE54-9A1E7A4F7556}") = "Cinema.UI", "Cinema.UI\Cinema.UI.csproj", "{4627F749-336E-44E3-AAC3-40307BA22C57}"
EndProject
Project("{2150E333-8FDC-42A3-9474-1A3956D46DE8}") = "Solution Items", "Solution Items", "{66B1C86C-6306-47AA-84A9-9887DC3340AF}"
	ProjectSection(SolutionItems) = preProject
		.editorconfig = .editorconfig
	EndProjectSection
EndProject
Global
	GlobalSection(SolutionConfigurationPlatforms) = preSolution
		Debug|Any CPU = Debug|Any CPU
		Release|Any CPU = Release|Any CPU
	EndGlobalSection
	GlobalSection(ProjectConfigurationPlatforms) = postSolution
		{5AB94CE4-E570-4EF0-A36B-778202EC8802}.Debug|Any CPU.ActiveCfg = Debug|Any CPU
		{5AB94CE4-E570-4EF0-A36B-778202EC8802}.Debug|Any CPU.Build.0 = Debug|Any CPU
		{5AB94CE4-E570-4EF0-A36B-778202EC8802}.Release|Any CPU.ActiveCfg = Release|Any CPU
		{5AB94CE4-E570-4EF0-A36B-778202EC8802}.Release|Any CPU.Build.0 = Release|Any CPU
		{59F73AEE-BC4A-4670-A909-DE0426391AA9}.Debug|Any CPU.ActiveCfg = Debug|Any CPU
		{59F73AEE-BC4A-4670-A909-DE0426391AA9}.Debug|Any CPU.Build.0 = Debug|Any CPU
		{59F73AEE-BC4A-4670-A909-DE0426391AA9}.Release|Any CPU.ActiveCfg = Release|Any CPU
		{59F73AEE-BC4A-4670-A909-DE0426391AA9}.Release|Any CPU.Build.0 = Release|Any CPU
		{D0D77B31-CAFA-4898-9FB4-0094BDA39AEA}.Debug|Any CPU.ActiveCfg = Debug|Any CPU
		{D0D77B31-CAFA-4898-9FB4-0094BDA39AEA}.Debug|Any CPU.Build.0 = Debug|Any CPU
		{D0D77B31-CAFA-4898-9FB4-0094BDA39AEA}.Release|Any CPU.ActiveCfg = Release|Any CPU
		{D0D77B31-CAFA-4898-9FB4-0094BDA39AEA}.Release|Any CPU.Build.0 = Release|Any CPU
		{30FE6878-5494-4B12-8877-CAA4594726CF}.Debug|Any CPU.ActiveCfg = Debug|Any CPU
		{30FE6878-5494-4B12-8877-CAA4594726CF}.Debug|Any CPU.Build.0 = Debug|Any CPU
		{30FE6878-5494-4B12-8877-CAA4594726CF}.Release|Any CPU.ActiveCfg = Release|Any CPU
		{30FE6878-5494-4B12-8877-CAA4594726CF}.Release|Any CPU.Build.0 = Release|Any CPU
		{4627F749-336E-44E3-AAC3-40307BA22C57}.Debug|Any CPU.ActiveCfg = Debug|Any CPU
		{4627F749-336E-44E3-AAC3-40307BA22C57}.Debug|Any CPU.Build.0 = Debug|Any CPU
		{4627F749-336E-44E3-AAC3-40307BA22C57}.Release|Any CPU.ActiveCfg = Release|Any CPU
		{4627F749-336E-44E3-AAC3-40307BA22C57}.Release|Any CPU.Build.0 = Release|Any CPU
	EndGlobalSection
	GlobalSection(SolutionProperties) = preSolution
		HideSolutionNode = FALSE
	EndGlobalSection
	GlobalSection(ExtensibilityGlobals) = postSolution
		SolutionGuid = {2612CB86-07DB-4495-991C-DDF3C5FB1BF9}
	EndGlobalSection
EndGlobal
